{
  "pins" : [
    {
      "identity" : "kingfisher",
      "kind" : "remoteSourceControl",
      "location" : "https://github.com/onevcat/Kingfisher.git",
      "state" : {
        "revision" : "5b92f029fab2cce44386d28588098b5be0824ef5",
        "version" : "7.11.0"
      }
    },
    {
      "identity" : "snapkit",
      "kind" : "remoteSourceControl",
      "location" : "https://github.com/SnapKit/SnapKit.git",
      "state" : {
        "revision" : "0c92c7a9a90ee7a9c71f95f400f86e0d611f757f",
        "version" : "4.0.1"
      }
    }
  ],
  "version" : 2
}
